
Microsoft Visual Studio Solution File, Format Version 12.00
# Visual Studio Version 16
VisualStudioVersion = 16.0.29326.143
MinimumVisualStudioVersion = 10.0.40219.1
Project("{FAE04EC0-301F-11D3-BF4B-00C04F79EFBC}") = "Lab2", "Lab2\Lab2.csproj", "{0877D0AB-7B7E-42F8-ACA9-D47624A21CA8}"
EndProject
Global
	GlobalSection(SolutionConfigurationPlatforms) = preSolution
		Debug|Any CPU = Debug|Any CPU
		Release|Any CPU = Release|Any CPU
	EndGlobalSection
	GlobalSection(ProjectConfigurationPlatforms) = postSolution
		{0877D0AB-7B7E-42F8-ACA9-D47624A21CA8}.Debug|Any CPU.ActiveCfg = Debug|Any CPU
		{0877D0AB-7B7E-42F8-ACA9-D47624A21CA8}.Debug|Any CPU.Build.0 = Debug|Any CPU
		{0877D0AB-7B7E-42F8-ACA9-D47624A21CA8}.Release|Any CPU.ActiveCfg = Release|Any CPU
		{0877D0AB-7B7E-42F8-ACA9-D47624A21CA8}.Release|Any CPU.Build.0 = Release|Any CPU
	EndGlobalSection
	GlobalSection(SolutionProperties) = preSolution
		HideSolutionNode = FALSE
	EndGlobalSection
	GlobalSection(ExtensibilityGlobals) = postSolution
		SolutionGuid = {360B648E-C74C-45B7-AEE3-4F8B625041F3}
	EndGlobalSection
EndGlobal
